
Microsoft Visual Studio Solution File, Format Version 12.00
# Visual Studio Version 17
VisualStudioVersion = 17.0.31903.59
MinimumVisualStudioVersion = 10.0.40219.1
Project("{FAE04EC0-301F-11D3-BF4B-00C04F79EFBC}") = "TokenUsageMonitorV3", "TokenUsageMonitorV3.csproj", "{A74C950B-AF67-4F8B-9169-0E4146EDB444}"
EndProject
Project("{2150E333-8FDC-42A3-9474-1A3956D46DE8}") = "tests", "tests", "{761A4C16-AD5E-4A70-A421-2A4709E15500}"
EndProject
Project("{FAE04EC0-301F-11D3-BF4B-00C04F79EFBC}") = "TokenConsumptionMonitoring.Tests", "tests\TokenConsumptionMonitoring.Tests\TokenConsumptionMonitoring.Tests.csproj", "{A3EE5ACC-05A6-4B53-9B3B-B2906083BDB7}"
EndProject
Global
	GlobalSection(SolutionConfigurationPlatforms) = preSolution
		Debug|Any CPU = Debug|Any CPU
		Release|Any CPU = Release|Any CPU
	EndGlobalSection
	GlobalSection(SolutionProperties) = preSolution
		HideSolutionNode = FALSE
	EndGlobalSection
	GlobalSection(ProjectConfigurationPlatforms) = postSolution
		{A74C950B-AF67-4F8B-9169-0E4146EDB444}.Debug|Any CPU.ActiveCfg = Debug|Any CPU
		{A74C950B-AF67-4F8B-9169-0E4146EDB444}.Debug|Any CPU.Build.0 = Debug|Any CPU
		{A74C950B-AF67-4F8B-9169-0E4146EDB444}.Release|Any CPU.ActiveCfg = Release|Any CPU
		{A74C950B-AF67-4F8B-9169-0E4146EDB444}.Release|Any CPU.Build.0 = Release|Any CPU
		{A3EE5ACC-05A6-4B53-9B3B-B2906083BDB7}.Debug|Any CPU.ActiveCfg = Debug|Any CPU
		{A3EE5ACC-05A6-4B53-9B3B-B2906083BDB7}.Debug|Any CPU.Build.0 = Debug|Any CPU
		{A3EE5ACC-05A6-4B53-9B3B-B2906083BDB7}.Release|Any CPU.ActiveCfg = Release|Any CPU
		{A3EE5ACC-05A6-4B53-9B3B-B2906083BDB7}.Release|Any CPU.Build.0 = Release|Any CPU
	EndGlobalSection
	GlobalSection(NestedProjects) = preSolution
		{A3EE5ACC-05A6-4B53-9B3B-B2906083BDB7} = {761A4C16-AD5E-4A70-A421-2A4709E15500}
	EndGlobalSection
EndGlobal
